
Microsoft Visual Studio Solution File, Format Version 12.00
Project("{FAE04EC0-301F-11D3-BF4B-00C04F79EFBC}") = "Day1", "Day1\Day1.csproj", "{40E4ED1C-F440-4A89-9A00-67E1729682F8}"
EndProject
Project("{FAE04EC0-301F-11D3-BF4B-00C04F79EFBC}") = "Day2", "Day2\Day2.csproj", "{2A6FEFDE-4231-4071-8F09-570DE7FC4013}"
EndProject
Project("{FAE04EC0-301F-11D3-BF4B-00C04F79EFBC}") = "Day3", "Day3\Day3.csproj", "{068EDD6F-64D5-4305-92B6-0E5F4FE1A47E}"
EndProject
Global
	GlobalSection(SolutionConfigurationPlatforms) = preSolution
		Debug|Any CPU = Debug|Any CPU
		Release|Any CPU = Release|Any CPU
	EndGlobalSection
	GlobalSection(ProjectConfigurationPlatforms) = postSolution
		{40E4ED1C-F440-4A89-9A00-67E1729682F8}.Debug|Any CPU.ActiveCfg = Debug|Any CPU
		{40E4ED1C-F440-4A89-9A00-67E1729682F8}.Debug|Any CPU.Build.0 = Debug|Any CPU
		{40E4ED1C-F440-4A89-9A00-67E1729682F8}.Release|Any CPU.ActiveCfg = Release|Any CPU
		{40E4ED1C-F440-4A89-9A00-67E1729682F8}.Release|Any CPU.Build.0 = Release|Any CPU
		{2A6FEFDE-4231-4071-8F09-570DE7FC4013}.Debug|Any CPU.ActiveCfg = Debug|Any CPU
		{2A6FEFDE-4231-4071-8F09-570DE7FC4013}.Debug|Any CPU.Build.0 = Debug|Any CPU
		{2A6FEFDE-4231-4071-8F09-570DE7FC4013}.Release|Any CPU.ActiveCfg = Release|Any CPU
		{2A6FEFDE-4231-4071-8F09-570DE7FC4013}.Release|Any CPU.Build.0 = Release|Any CPU
		{068EDD6F-64D5-4305-92B6-0E5F4FE1A47E}.Debug|Any CPU.ActiveCfg = Debug|Any CPU
		{068EDD6F-64D5-4305-92B6-0E5F4FE1A47E}.Debug|Any CPU.Build.0 = Debug|Any CPU
		{068EDD6F-64D5-4305-92B6-0E5F4FE1A47E}.Release|Any CPU.ActiveCfg = Release|Any CPU
		{068EDD6F-64D5-4305-92B6-0E5F4FE1A47E}.Release|Any CPU.Build.0 = Release|Any CPU
	EndGlobalSection
EndGlobal
